
Microsoft Visual Studio Solution File, Format Version 12.00
# Visual Studio 15
VisualStudioVersion = 15.0.27703.2026
MinimumVisualStudioVersion = 10.0.40219.1
Project("{FAE04EC0-301F-11D3-BF4B-00C04F79EFBC}") = "HostConsole", "HostConsole\HostConsole.csproj", "{AA234482-1384-4B30-9C10-6DCD71E34261}"
EndProject
Project("{FAE04EC0-301F-11D3-BF4B-00C04F79EFBC}") = "Contracts", "Contracts\Contracts.csproj", "{1F8C2875-CDF0-404D-857A-EA4606393C25}"
EndProject
Project("{FAE04EC0-301F-11D3-BF4B-00C04F79EFBC}") = "ConsoleConsumer", "ConsoleConsumer\ConsoleConsumer.csproj", "{227587F2-A977-4870-95BE-F29FE4CFB7BE}"
EndProject
Global
	GlobalSection(SolutionConfigurationPlatforms) = preSolution
		Debug|Any CPU = Debug|Any CPU
		Release|Any CPU = Release|Any CPU
	EndGlobalSection
	GlobalSection(ProjectConfigurationPlatforms) = postSolution
		{AA234482-1384-4B30-9C10-6DCD71E34261}.Debug|Any CPU.ActiveCfg = Debug|Any CPU
		{AA234482-1384-4B30-9C10-6DCD71E34261}.Debug|Any CPU.Build.0 = Debug|Any CPU
		{AA234482-1384-4B30-9C10-6DCD71E34261}.Release|Any CPU.ActiveCfg = Release|Any CPU
		{AA234482-1384-4B30-9C10-6DCD71E34261}.Release|Any CPU.Build.0 = Release|Any CPU
		{1F8C2875-CDF0-404D-857A-EA4606393C25}.Debug|Any CPU.ActiveCfg = Debug|Any CPU
		{1F8C2875-CDF0-404D-857A-EA4606393C25}.Debug|Any CPU.Build.0 = Debug|Any CPU
		{1F8C2875-CDF0-404D-857A-EA4606393C25}.Release|Any CPU.ActiveCfg = Release|Any CPU
		{1F8C2875-CDF0-404D-857A-EA4606393C25}.Release|Any CPU.Build.0 = Release|Any CPU
		{227587F2-A977-4870-95BE-F29FE4CFB7BE}.Debug|Any CPU.ActiveCfg = Debug|Any CPU
		{227587F2-A977-4870-95BE-F29FE4CFB7BE}.Debug|Any CPU.Build.0 = Debug|Any CPU
		{227587F2-A977-4870-95BE-F29FE4CFB7BE}.Release|Any CPU.ActiveCfg = Release|Any CPU
		{227587F2-A977-4870-95BE-F29FE4CFB7BE}.Release|Any CPU.Build.0 = Release|Any CPU
	EndGlobalSection
	GlobalSection(SolutionProperties) = preSolution
		HideSolutionNode = FALSE
	EndGlobalSection
	GlobalSection(ExtensibilityGlobals) = postSolution
		SolutionGuid = {1690BF4B-2842-4ABC-BA4E-549240E2FDB2}
	EndGlobalSection
EndGlobal
